
Microsoft Visual Studio Solution File, Format Version 12.00
# Visual Studio 15
VisualStudioVersion = 15.0.28307.645
MinimumVisualStudioVersion = 10.0.40219.1
Project("{FAE04EC0-301F-11D3-BF4B-00C04F79EFBC}") = "20190530_GuessingGame", "20190530_GuessingGame\20190530_GuessingGame.csproj", "{9FD82560-B69C-47F6-8C4C-D588AA998CDF}"
EndProject
Project("{FAE04EC0-301F-11D3-BF4B-00C04F79EFBC}") = "GuessingGameLibrary", "GuessingGameLibrary\GuessingGameLibrary.csproj", "{31C3782C-5A0C-498C-BD3A-848C74DDF421}"
EndProject
Global
	GlobalSection(SolutionConfigurationPlatforms) = preSolution
		Debug|Any CPU = Debug|Any CPU
		Release|Any CPU = Release|Any CPU
	EndGlobalSection
	GlobalSection(ProjectConfigurationPlatforms) = postSolution
		{9FD82560-B69C-47F6-8C4C-D588AA998CDF}.Debug|Any CPU.ActiveCfg = Debug|Any CPU
		{9FD82560-B69C-47F6-8C4C-D588AA998CDF}.Debug|Any CPU.Build.0 = Debug|Any CPU
		{9FD82560-B69C-47F6-8C4C-D588AA998CDF}.Release|Any CPU.ActiveCfg = Release|Any CPU
		{9FD82560-B69C-47F6-8C4C-D588AA998CDF}.Release|Any CPU.Build.0 = Release|Any CPU
		{31C3782C-5A0C-498C-BD3A-848C74DDF421}.Debug|Any CPU.ActiveCfg = Debug|Any CPU
		{31C3782C-5A0C-498C-BD3A-848C74DDF421}.Debug|Any CPU.Build.0 = Debug|Any CPU
		{31C3782C-5A0C-498C-BD3A-848C74DDF421}.Release|Any CPU.ActiveCfg = Release|Any CPU
		{31C3782C-5A0C-498C-BD3A-848C74DDF421}.Release|Any CPU.Build.0 = Release|Any CPU
	EndGlobalSection
	GlobalSection(SolutionProperties) = preSolution
		HideSolutionNode = FALSE
	EndGlobalSection
	GlobalSection(ExtensibilityGlobals) = postSolution
		SolutionGuid = {F53EAF94-7F66-46A4-B28E-3E907A5DE5C5}
	EndGlobalSection
EndGlobal
